
Microsoft Visual Studio Solution File, Format Version 12.00
# Visual Studio Version 16
VisualStudioVersion = 16.0.31424.327
MinimumVisualStudioVersion = 10.0.40219.1
Project("{9A19103F-16F7-4668-BE54-9A1E7A4F7556}") = "Calculator", "Calculator\Calculator.csproj", "{EB1E8FB6-51C3-41FC-840B-4F30C3B6A550}"
EndProject
Project("{FAE04EC0-301F-11D3-BF4B-00C04F79EFBC}") = "UnitTests", "UnitTests\UnitTests.csproj", "{AB6A520D-DCA5-4A82-A402-38979C6FEDFF}"
EndProject
Global
	GlobalSection(SolutionConfigurationPlatforms) = preSolution
		Debug|Any CPU = Debug|Any CPU
		Release|Any CPU = Release|Any CPU
	EndGlobalSection
	GlobalSection(ProjectConfigurationPlatforms) = postSolution
		{EB1E8FB6-51C3-41FC-840B-4F30C3B6A550}.Debug|Any CPU.ActiveCfg = Debug|Any CPU
		{EB1E8FB6-51C3-41FC-840B-4F30C3B6A550}.Debug|Any CPU.Build.0 = Debug|Any CPU
		{EB1E8FB6-51C3-41FC-840B-4F30C3B6A550}.Release|Any CPU.ActiveCfg = Release|Any CPU
		{EB1E8FB6-51C3-41FC-840B-4F30C3B6A550}.Release|Any CPU.Build.0 = Release|Any CPU
		{AB6A520D-DCA5-4A82-A402-38979C6FEDFF}.Debug|Any CPU.ActiveCfg = Debug|Any CPU
		{AB6A520D-DCA5-4A82-A402-38979C6FEDFF}.Debug|Any CPU.Build.0 = Debug|Any CPU
		{AB6A520D-DCA5-4A82-A402-38979C6FEDFF}.Release|Any CPU.ActiveCfg = Release|Any CPU
		{AB6A520D-DCA5-4A82-A402-38979C6FEDFF}.Release|Any CPU.Build.0 = Release|Any CPU
	EndGlobalSection
	GlobalSection(SolutionProperties) = preSolution
		HideSolutionNode = FALSE
	EndGlobalSection
	GlobalSection(ExtensibilityGlobals) = postSolution
		SolutionGuid = {D2E99D26-BF5A-41B9-AEC1-ADC6262E34EC}
	EndGlobalSection
EndGlobal
